
Microsoft Visual Studio Solution File, Format Version 12.00
# Visual Studio 15
VisualStudioVersion = 15.0.28307.1758
MinimumVisualStudioVersion = 10.0.40219.1
Project("{FAE04EC0-301F-11D3-BF4B-00C04F79EFBC}") = "DigitalLibraryApplication", "DigitalLibraryApplication\DigitalLibraryApplication.csproj", "{079838D4-BDCE-4B25-8F92-CA546A20745D}"
EndProject
Global
	GlobalSection(SolutionConfigurationPlatforms) = preSolution
		Debug|Any CPU = Debug|Any CPU
		Release|Any CPU = Release|Any CPU
	EndGlobalSection
	GlobalSection(ProjectConfigurationPlatforms) = postSolution
		{079838D4-BDCE-4B25-8F92-CA546A20745D}.Debug|Any CPU.ActiveCfg = Debug|Any CPU
		{079838D4-BDCE-4B25-8F92-CA546A20745D}.Debug|Any CPU.Build.0 = Debug|Any CPU
		{079838D4-BDCE-4B25-8F92-CA546A20745D}.Release|Any CPU.ActiveCfg = Release|Any CPU
		{079838D4-BDCE-4B25-8F92-CA546A20745D}.Release|Any CPU.Build.0 = Release|Any CPU
	EndGlobalSection
	GlobalSection(SolutionProperties) = preSolution
		HideSolutionNode = FALSE
	EndGlobalSection
	GlobalSection(ExtensibilityGlobals) = postSolution
		SolutionGuid = {833B9C43-81AA-4BDC-A348-0801F81E8258}
	EndGlobalSection
EndGlobal
